
Microsoft Visual Studio Solution File, Format Version 12.00
# Visual Studio Version 17
VisualStudioVersion = 17.11.35303.130
MinimumVisualStudioVersion = 10.0.40219.1
Project("{9A19103F-16F7-4668-BE54-9A1E7A4F7556}") = "Vatsim.Network", "Vatsim.Network\Vatsim.Network.csproj", "{C16EB470-3A7B-4197-8756-F3E43943A569}"
EndProject
Project("{FAE04EC0-301F-11D3-BF4B-00C04F79EFBC}") = "AvaloniaEdit", "AvaloniaEdit\src\AvaloniaEdit\AvaloniaEdit.csproj", "{6953155F-03B1-4BC4-9785-45B21E4BB001}"
EndProject
Project("{FAE04EC0-301F-11D3-BF4B-00C04F79EFBC}") = "vATIS.Desktop", "vATIS.Desktop\vATIS.Desktop.csproj", "{AD458EDF-48A5-4158-ABE2-6E51DE8E3FF7}"
EndProject
Project("{FAE04EC0-301F-11D3-BF4B-00C04F79EFBC}") = "DevServer", "DevServer\DevServer.csproj", "{FB6F95B8-0EFB-49C0-B330-8C16D95F6BF9}"
EndProject
Global
	GlobalSection(SolutionConfigurationPlatforms) = preSolution
		Debug|Any CPU = Debug|Any CPU
		Release|Any CPU = Release|Any CPU
	EndGlobalSection
	GlobalSection(ProjectConfigurationPlatforms) = postSolution
		{C16EB470-3A7B-4197-8756-F3E43943A569}.Debug|Any CPU.ActiveCfg = Debug|Any CPU
		{C16EB470-3A7B-4197-8756-F3E43943A569}.Debug|Any CPU.Build.0 = Debug|Any CPU
		{C16EB470-3A7B-4197-8756-F3E43943A569}.Release|Any CPU.ActiveCfg = Release|Any CPU
		{C16EB470-3A7B-4197-8756-F3E43943A569}.Release|Any CPU.Build.0 = Release|Any CPU
		{6953155F-03B1-4BC4-9785-45B21E4BB001}.Debug|Any CPU.ActiveCfg = Debug|Any CPU
		{6953155F-03B1-4BC4-9785-45B21E4BB001}.Debug|Any CPU.Build.0 = Debug|Any CPU
		{6953155F-03B1-4BC4-9785-45B21E4BB001}.Release|Any CPU.ActiveCfg = Release|Any CPU
		{6953155F-03B1-4BC4-9785-45B21E4BB001}.Release|Any CPU.Build.0 = Release|Any CPU
		{AD458EDF-48A5-4158-ABE2-6E51DE8E3FF7}.Debug|Any CPU.ActiveCfg = Debug|Any CPU
		{AD458EDF-48A5-4158-ABE2-6E51DE8E3FF7}.Debug|Any CPU.Build.0 = Debug|Any CPU
		{AD458EDF-48A5-4158-ABE2-6E51DE8E3FF7}.Release|Any CPU.ActiveCfg = Release|Any CPU
		{AD458EDF-48A5-4158-ABE2-6E51DE8E3FF7}.Release|Any CPU.Build.0 = Release|Any CPU
		{FB6F95B8-0EFB-49C0-B330-8C16D95F6BF9}.Debug|Any CPU.ActiveCfg = Debug|Any CPU
		{FB6F95B8-0EFB-49C0-B330-8C16D95F6BF9}.Debug|Any CPU.Build.0 = Debug|Any CPU
		{FB6F95B8-0EFB-49C0-B330-8C16D95F6BF9}.Release|Any CPU.ActiveCfg = Release|Any CPU
		{FB6F95B8-0EFB-49C0-B330-8C16D95F6BF9}.Release|Any CPU.Build.0 = Release|Any CPU
	EndGlobalSection
	GlobalSection(SolutionProperties) = preSolution
		HideSolutionNode = FALSE
	EndGlobalSection
	GlobalSection(ExtensibilityGlobals) = postSolution
		SolutionGuid = {221ECA56-C696-41AC-9B8C-D00F18499A92}
	EndGlobalSection
EndGlobal
